<?xml version="1.0" encoding="utf-8"?>
<Project ToolsVersion="4.0" xmlns="http://schemas.microsoft.com/developer/msbuild/2003">
  <ItemGroup>
    <ClInclude Include="Client.h">
      <Filter>Default\Misc</Filter>
    </ClInclude>
    <ClInclude Include="framework.h">
      <Filter>Default\Misc</Filter>
    </ClInclude>
    <ClInclude Include="Resource.h">
      <Filter>Default\Misc</Filter>
    </ClInclude>
    <ClInclude Include="targetver.h">
      <Filter>Default\Misc</Filter>
    </ClInclude>
    <ClInclude Include="stdafx.h">
      <Filter>Default</Filter>
    </ClInclude>
    <ClInclude Include="TestScene.h">
      <Filter>TestScene</Filter>
    </ClInclude>
    <ClInclude Include="TPSCamera.h">
      <Filter>TPSCamera</Filter>
    </ClInclude>
    <ClInclude Include="FreeCamera.h">
      <Filter>FreeCamera</Filter>
    </ClInclude>
    <ClInclude Include="Player.h">
      <Filter>Player</Filter>
    </ClInclude>
    <ClInclude Include="PlayerTestScene.h">
      <Filter>PlayerTestScene</Filter>
    </ClInclude>
    <ClInclude Include="SoundTest.h" />
    <ClInclude Include="Config.h" />
    <ClInclude Include="PlayerAnimator.h">
      <Filter>Player</Filter>
    </ClInclude>
    <ClInclude Include="BossAncientKing.h">
      <Filter>AncientKing</Filter>
    </ClInclude>
    <ClInclude Include="BossAncientKingAnimator.h">
      <Filter>AncientKing</Filter>
    </ClInclude>
    <ClInclude Include="EnemyBeetleDrone.h">
      <Filter>BeetleDrone</Filter>
    </ClInclude>
    <ClInclude Include="EnemyBeetleDroneAnimator.h">
      <Filter>BeetleDrone</Filter>
    </ClInclude>
    <ClInclude Include="BillboardAnimation.h">
      <Filter>Effect</Filter>
    </ClInclude>
    <ClInclude Include="IDamagable.h">
      <Filter>Character</Filter>
    </ClInclude>
    <ClInclude Include="Enemy.h">
      <Filter>Character</Filter>
    </ClInclude>
    <ClInclude Include="Character.h">
      <Filter>Character</Filter>
    </ClInclude>
    <ClInclude Include="Boss.h">
      <Filter>Character</Filter>
    </ClInclude>
    <ClInclude Include="ProjectileInstanceWaveBeam.h">
      <Filter>Projectile</Filter>
    </ClInclude>
    <ClInclude Include="EffectElectricBeam.h">
      <Filter>Effect\Damagable\Electric</Filter>
    </ClInclude>
    <ClInclude Include="EffectGroundImapct.h">
      <Filter>Effect\Damagable\GroundImpact</Filter>
    </ClInclude>
    <ClInclude Include="ParticleDust01.h">
      <Filter>Effect\Dust01</Filter>
    </ClInclude>
    <ClInclude Include="EffectRing01.h">
      <Filter>Effect\Ring</Filter>
    </ClInclude>
    <ClInclude Include="EffectShockwave.h">
      <Filter>Effect\Shockwave</Filter>
    </ClInclude>
    <ClInclude Include="ParticleInstanceSpark.h">
      <Filter>Effect\Spark</Filter>
    </ClInclude>
    <ClInclude Include="BillboardSpritesheet.h">
      <Filter>Effect</Filter>
    </ClInclude>
    <ClInclude Include="ParticleElectricBeam.h">
      <Filter>Effect\Damagable\Electric</Filter>
    </ClInclude>
  </ItemGroup>
  <ItemGroup>
    <Image Include="Client.ico">
      <Filter>Default\Misc</Filter>
    </Image>
    <Image Include="small.ico">
      <Filter>Default\Misc</Filter>
    </Image>
  </ItemGroup>
  <ItemGroup>
    <Filter Include="Default">
      <UniqueIdentifier>{052abdf1-bbb8-4168-9942-22a035e53d81}</UniqueIdentifier>
    </Filter>
    <Filter Include="Default\Misc">
      <UniqueIdentifier>{281f1099-81bf-4bd8-a72f-cfe715ac6b8c}</UniqueIdentifier>
    </Filter>
    <Filter Include="Shaders">
      <UniqueIdentifier>{b8a2916b-8833-414a-aa4c-9dd98c048686}</UniqueIdentifier>
    </Filter>
    <Filter Include="TestScene">
      <UniqueIdentifier>{4cfd2815-3778-468a-8117-3f746f1c41fe}</UniqueIdentifier>
    </Filter>
    <Filter Include="PlayerTestScene">
      <UniqueIdentifier>{b81ebdf1-752c-4988-938a-75448d276ec5}</UniqueIdentifier>
    </Filter>
    <Filter Include="TPSCamera">
      <UniqueIdentifier>{597985f6-ecc8-483a-9816-13bced82fca1}</UniqueIdentifier>
    </Filter>
    <Filter Include="FreeCamera">
      <UniqueIdentifier>{a2e17b78-4613-4562-a6f7-5751dd450c61}</UniqueIdentifier>
    </Filter>
    <Filter Include="Player">
      <UniqueIdentifier>{64cf4265-82ae-46db-8a64-32bb2330264a}</UniqueIdentifier>
    </Filter>
    <Filter Include="Sound">
      <UniqueIdentifier>{95cc7fd1-24f1-4eaa-8133-20d449e30aa3}</UniqueIdentifier>
    </Filter>
    <Filter Include="Character">
      <UniqueIdentifier>{510733be-c035-4d7a-a3a4-bf459b70d63a}</UniqueIdentifier>
    </Filter>
    <Filter Include="BeetleDrone">
      <UniqueIdentifier>{962f7d80-398b-4a0c-a820-841ae17a50b7}</UniqueIdentifier>
    </Filter>
    <Filter Include="AncientKing">
      <UniqueIdentifier>{2eeee815-7748-4d74-9969-55cd517e446a}</UniqueIdentifier>
    </Filter>
    <Filter Include="Effect">
      <UniqueIdentifier>{7170783e-5bc6-4557-ba7c-20244881e03d}</UniqueIdentifier>
    </Filter>
    <Filter Include="Projectile">
      <UniqueIdentifier>{a5585c75-5e45-4921-b0b6-01bc9d590299}</UniqueIdentifier>
    </Filter>
    <Filter Include="Effect\Damagable">
      <UniqueIdentifier>{a6276206-9663-4e4e-b80d-5b730c478ca2}</UniqueIdentifier>
    </Filter>
    <Filter Include="Effect\Damagable\Electric">
      <UniqueIdentifier>{f415ead6-7381-49a6-8670-86627900e8b1}</UniqueIdentifier>
    </Filter>
    <Filter Include="Effect\Damagable\GroundImpact">
      <UniqueIdentifier>{8db4da6a-c12a-4390-b5fe-2dda01cb7454}</UniqueIdentifier>
    </Filter>
    <Filter Include="Effect\Dust01">
      <UniqueIdentifier>{f84e9eb6-31cb-439e-a3b3-313458c82ec8}</UniqueIdentifier>
    </Filter>
    <Filter Include="Effect\Ring">
      <UniqueIdentifier>{aab1d201-b998-4c2d-bec5-8d213dd29751}</UniqueIdentifier>
    </Filter>
    <Filter Include="Effect\Shockwave">
      <UniqueIdentifier>{76542711-c528-4786-b22c-28cba2d9cee3}</UniqueIdentifier>
    </Filter>
    <Filter Include="Effect\Spark">
      <UniqueIdentifier>{1ae88ce2-a762-46f7-a7a1-a969a56268c9}</UniqueIdentifier>
    </Filter>
  </ItemGroup>
  <ItemGroup>
    <ResourceCompile Include="Client.rc">
      <Filter>Default\Misc</Filter>
    </ResourceCompile>
  </ItemGroup>
  <ItemGroup>
    <ClCompile Include="Client.cpp">
      <Filter>Default</Filter>
    </ClCompile>
    <ClCompile Include="stdafx.cpp">
      <Filter>Default\Misc</Filter>
    </ClCompile>
    <ClCompile Include="TestScene.cpp">
      <Filter>TestScene</Filter>
    </ClCompile>
    <ClCompile Include="TPSCamera.cpp">
      <Filter>TPSCamera</Filter>
    </ClCompile>
    <ClCompile Include="FreeCamera.cpp">
      <Filter>FreeCamera</Filter>
    </ClCompile>
    <ClCompile Include="Player.cpp">
      <Filter>Player</Filter>
    </ClCompile>
    <ClCompile Include="PlayerTestScene.cpp">
      <Filter>PlayerTestScene</Filter>
    </ClCompile>
    <ClCompile Include="SoundTest.cpp" />
    <ClCompile Include="PlayerAnimator.cpp">
      <Filter>Player</Filter>
    </ClCompile>
    <ClCompile Include="BossAncientKing.cpp">
      <Filter>AncientKing</Filter>
    </ClCompile>
    <ClCompile Include="BossAncientKingAnimator.cpp">
      <Filter>AncientKing</Filter>
    </ClCompile>
    <ClCompile Include="EnemyBeetleDrone.cpp">
      <Filter>BeetleDrone</Filter>
    </ClCompile>
    <ClCompile Include="EnemyBeetleDroneAnimator.cpp">
      <Filter>BeetleDrone</Filter>
    </ClCompile>
    <ClCompile Include="BillboardAnimation.cpp">
      <Filter>Effect</Filter>
    </ClCompile>
    <ClCompile Include="IDamagable.cpp">
      <Filter>Character</Filter>
    </ClCompile>
    <ClCompile Include="Enemy.cpp">
      <Filter>Character</Filter>
    </ClCompile>
    <ClCompile Include="Character.cpp">
      <Filter>Character</Filter>
    </ClCompile>
    <ClCompile Include="Boss.cpp">
      <Filter>Character</Filter>
    </ClCompile>
    <ClCompile Include="ProjectileInstanceWaveBeam.cpp">
      <Filter>Projectile</Filter>
    </ClCompile>
    <ClCompile Include="EffectElectricBeam.cpp">
      <Filter>Effect\Damagable\Electric</Filter>
    </ClCompile>
    <ClCompile Include="EffectGroundImapct.cpp">
      <Filter>Effect\Damagable\GroundImpact</Filter>
    </ClCompile>
    <ClCompile Include="ParticleDust01.cpp">
      <Filter>Effect\Dust01</Filter>
    </ClCompile>
    <ClCompile Include="EffectRing01.cpp">
      <Filter>Effect\Ring</Filter>
    </ClCompile>
    <ClCompile Include="EffectShockwave.cpp">
      <Filter>Effect\Shockwave</Filter>
    </ClCompile>
    <ClCompile Include="ParticleInstanceSpark.cpp">
      <Filter>Effect\Spark</Filter>
    </ClCompile>
    <ClCompile Include="BillboardSpritesheet.cpp">
      <Filter>Effect</Filter>
    </ClCompile>
    <ClCompile Include="ParticleElectricBeam.cpp">
      <Filter>Effect\Damagable\Electric</Filter>
    </ClCompile>
  </ItemGroup>
  <ItemGroup>
    <FxCompile Include="..\Shader\Trail.fx">
      <Filter>Shaders</Filter>
    </FxCompile>
    <FxCompile Include="..\Shader\BillboardEffect.fx">
      <Filter>Shaders</Filter>
    </FxCompile>
    <FxCompile Include="..\Shader\BillboardSpritesheet.fx">
      <Filter>Shaders</Filter>
    </FxCompile>
    <FxCompile Include="..\Shader\Shockwave.fx">
      <Filter>Shaders</Filter>
    </FxCompile>
    <FxCompile Include="..\Shader\WaveBeam.fx">
      <Filter>Shaders</Filter>
    </FxCompile>
    <FxCompile Include="..\Shader\Ring.fx">
      <Filter>Shaders</Filter>
    </FxCompile>
    <FxCompile Include="..\Shader\Spark.fx">
      <Filter>Shaders</Filter>
    </FxCompile>
    <FxCompile Include="..\Shader\InstanceUnlit.fx">
      <Filter>Shaders</Filter>
    </FxCompile>
  </ItemGroup>
</Project>